// !$*UTF8*$!
{
	archiveVersion = 1;
	classes = {
	};
	objectVersion = 46;
	objects = {

/* Begin PBXBuildFile section */
		C954213B1D45C77E00DBEBC2 /* main.m in Sources */ = {isa = PBXBuildFile; fileRef = C954213A1D45C77E00DBEBC2 /* main.m */; };
		C954213E1D45C77E00DBEBC2 /* AppDelegate.m in Sources */ = {isa = PBXBuildFile; fileRef = C954213D1D45C77E00DBEBC2 /* AppDelegate.m */; };
		C95421411D45C77E00DBEBC2 /* ViewController.m in Sources */ = {isa = PBXBuildFile; fileRef = C95421401D45C77E00DBEBC2 /* ViewController.m */; };
		C95421441D45C77E00DBEBC2 /* Main.storyboard in Resources */ = {isa = PBXBuildFile; fileRef = C95421421D45C77E00DBEBC2 /* Main.storyboard */; };
		C95421461D45C77E00DBEBC2 /* Assets.xcassets in Resources */ = {isa = PBXBuildFile; fileRef = C95421451D45C77E00DBEBC2 /* Assets.xcassets */; };
		C95421491D45C77E00DBEBC2 /* LaunchScreen.storyboard in Resources */ = {isa = PBXBuildFile; fileRef = C95421471D45C77E00DBEBC2 /* LaunchScreen.storyboard */; };
		C95421541D45C77E00DBEBC2 /* Runtime____________Tests.m in Sources */ = {isa = PBXBuildFile; fileRef = C95421531D45C77E00DBEBC2 /* Runtime____________Tests.m */; };
		C954215F1D45C77F00DBEBC2 /* Runtime____________UITests.m in Sources */ = {isa = PBXBuildFile; fileRef = C954215E1D45C77F00DBEBC2 /* Runtime____________UITests.m */; };
		C954216E1D45C7CD00DBEBC2 /* NSObject+Property.m in Sources */ = {isa = PBXBuildFile; fileRef = C954216D1D45C7CD00DBEBC2 /* NSObject+Property.m */; };
/* End PBXBuildFile section */

/* Begin PBXContainerItemProxy section */
		C95421501D45C77E00DBEBC2 /* PBXContainerItemProxy */ = {
			isa = PBXContainerItemProxy;
			containerPortal = C954212E1D45C77E00DBEBC2 /* Project object */;
			proxyType = 1;
			remoteGlobalIDString = C95421351D45C77E00DBEBC2;
			remoteInfo = "Runtime(给分类动态的添加属性)";
		};
		C954215B1D45C77F00DBEBC2 /* PBXContainerItemProxy */ = {
			isa = PBXContainerItemProxy;
			containerPortal = C954212E1D45C77E00DBEBC2 /* Project object */;
			proxyType = 1;
			remoteGlobalIDString = C95421351D45C77E00DBEBC2;
			remoteInfo = "Runtime(给分类动态的添加属性)";
		};
/* End PBXContainerItemProxy section */

/* Begin PBXFileReference section */
		C95421361D45C77E00DBEBC2 /* Runtime(给分类动态的添加属性).app */ = {isa = PBXFileReference; explicitFileType = wrapper.application; includeInIndex = 0; path = "Runtime(给分类动态的添加属性).app"; sourceTree = BUILT_PRODUCTS_DIR; };
		C954213A1D45C77E00DBEBC2 /* main.m */ = {isa = PBXFileReference; lastKnownFileType = sourcecode.c.objc; path = main.m; sourceTree = "<group>"; };
		C954213C1D45C77E00DBEBC2 /* AppDelegate.h */ = {isa = PBXFileReference; lastKnownFileType = sourcecode.c.h; path = AppDelegate.h; sourceTree = "<group>"; };
		C954213D1D45C77E00DBEBC2 /* AppDelegate.m */ = {isa = PBXFileReference; lastKnownFileType = sourcecode.c.objc; path = AppDelegate.m; sourceTree = "<group>"; };
		C954213F1D45C77E00DBEBC2 /* ViewController.h */ = {isa = PBXFileReference; lastKnownFileType = sourcecode.c.h; path = ViewController.h; sourceTree = "<group>"; };
		C95421401D45C77E00DBEBC2 /* ViewController.m */ = {isa = PBXFileReference; lastKnownFileType = sourcecode.c.objc; path = ViewController.m; sourceTree = "<group>"; };
		C95421431D45C77E00DBEBC2 /* Base */ = {isa = PBXFileReference; lastKnownFileType = file.storyboard; name = Base; path = Base.lproj/Main.storyboard; sourceTree = "<group>"; };
		C95421451D45C77E00DBEBC2 /* Assets.xcassets */ = {isa = PBXFileReference; lastKnownFileType = folder.assetcatalog; path = Assets.xcassets; sourceTree = "<group>"; };
		C95421481D45C77E00DBEBC2 /* Base */ = {isa = PBXFileReference; lastKnownFileType = file.storyboard; name = Base; path = Base.lproj/LaunchScreen.storyboard; sourceTree = "<group>"; };
		C954214A1D45C77E00DBEBC2 /* Info.plist */ = {isa = PBXFileReference; lastKnownFileType = text.plist.xml; path = Info.plist; sourceTree = "<group>"; };
		C954214F1D45C77E00DBEBC2 /* Runtime(给分类动态的添加属性)Tests.xctest */ = {isa = PBXFileReference; explicitFileType = wrapper.cfbundle; includeInIndex = 0; path = "Runtime(给分类动态的添加属性)Tests.xctest"; sourceTree = BUILT_PRODUCTS_DIR; };
		C95421531D45C77E00DBEBC2 /* Runtime____________Tests.m */ = {isa = PBXFileReference; lastKnownFileType = sourcecode.c.objc; path = "Runtime____________Tests.m"; sourceTree = "<group>"; };
		C95421551D45C77E00DBEBC2 /* Info.plist */ = {isa = PBXFileReference; lastKnownFileType = text.plist.xml; path = Info.plist; sourceTree = "<group>"; };
		C954215A1D45C77F00DBEBC2 /* Runtime(给分类动态的添加属性)UITests.xctest */ = {isa = PBXFileReference; explicitFileType = wrapper.cfbundle; includeInIndex = 0; path = "Runtime(给分类动态的添加属性)UITests.xctest"; sourceTree = BUILT_PRODUCTS_DIR; };
		C954215E1D45C77F00DBEBC2 /* Runtime____________UITests.m */ = {isa = PBXFileReference; lastKnownFileType = sourcecode.c.objc; path = "Runtime____________UITests.m"; sourceTree = "<group>"; };
		C95421601D45C77F00DBEBC2 /* Info.plist */ = {isa = PBXFileReference; lastKnownFileType = text.plist.xml; path = Info.plist; sourceTree = "<group>"; };
		C954216C1D45C7CD00DBEBC2 /* NSObject+Property.h */ = {isa = PBXFileReference; fileEncoding = 4; lastKnownFileType = sourcecode.c.h; path = "NSObject+Property.h"; sourceTree = "<group>"; };
		C954216D1D45C7CD00DBEBC2 /* NSObject+Property.m */ = {isa = PBXFileReference; fileEncoding = 4; lastKnownFileType = sourcecode.c.objc; path = "NSObject+Property.m"; sourceTree = "<group>"; };
/* End PBXFileReference section */

/* Begin PBXFrameworksBuildPhase section */
		C95421331D45C77E00DBEBC2 /* Frameworks */ = {
			isa = PBXFrameworksBuildPhase;
			buildActionMask = 2147483647;
			files = (
			);
			runOnlyForDeploymentPostprocessing = 0;
		};
		C954214C1D45C77E00DBEBC2 /* Frameworks */ = {
			isa = PBXFrameworksBuildPhase;
			buildActionMask = 2147483647;
			files = (
			);
			runOnlyForDeploymentPostprocessing = 0;
		};
		C95421571D45C77F00DBEBC2 /* Frameworks */ = {
			isa = PBXFrameworksBuildPhase;
			buildActionMask = 2147483647;
			files = (
			);
			runOnlyForDeploymentPostprocessing = 0;
		};
/* End PBXFrameworksBuildPhase section */

/* Begin PBXGroup section */
		C954212D1D45C77E00DBEBC2 = {
			isa = PBXGroup;
			children = (
				C95421381D45C77E00DBEBC2 /* Runtime(给分类动态的添加属性) */,
				C95421521D45C77E00DBEBC2 /* Runtime(给分类动态的添加属性)Tests */,
				C954215D1D45C77F00DBEBC2 /* Runtime(给分类动态的添加属性)UITests */,
				C95421371D45C77E00DBEBC2 /* Products */,
			);
			sourceTree = "<group>";
		};
		C95421371D45C77E00DBEBC2 /* Products */ = {
			isa = PBXGroup;
			children = (
				C95421361D45C77E00DBEBC2 /* Runtime(给分类动态的添加属性).app */,
				C954214F1D45C77E00DBEBC2 /* Runtime(给分类动态的添加属性)Tests.xctest */,
				C954215A1D45C77F00DBEBC2 /* Runtime(给分类动态的添加属性)UITests.xctest */,
			);
			name = Products;
			sourceTree = "<group>";
		};
		C95421381D45C77E00DBEBC2 /* Runtime(给分类动态的添加属性) */ = {
			isa = PBXGroup;
			children = (
				C954213C1D45C77E00DBEBC2 /* AppDelegate.h */,
				C954213D1D45C77E00DBEBC2 /* AppDelegate.m */,
				C954213F1D45C77E00DBEBC2 /* ViewController.h */,
				C95421401D45C77E00DBEBC2 /* ViewController.m */,
				C954216C1D45C7CD00DBEBC2 /* NSObject+Property.h */,
				C954216D1D45C7CD00DBEBC2 /* NSObject+Property.m */,
				C95421421D45C77E00DBEBC2 /* Main.storyboard */,
				C95421451D45C77E00DBEBC2 /* Assets.xcassets */,
				C95421471D45C77E00DBEBC2 /* LaunchScreen.storyboard */,
				C954214A1D45C77E00DBEBC2 /* Info.plist */,
				C95421391D45C77E00DBEBC2 /* Supporting Files */,
			);
			path = "Runtime(给分类动态的添加属性)";
			sourceTree = "<group>";
		};
		C95421391D45C77E00DBEBC2 /* Supporting Files */ = {
			isa = PBXGroup;
			children = (
				C954213A1D45C77E00DBEBC2 /* main.m */,
			);
			name = "Supporting Files";
			sourceTree = "<group>";
		};
		C95421521D45C77E00DBEBC2 /* Runtime(给分类动态的添加属性)Tests */ = {
			isa = PBXGroup;
			children = (
				C95421531D45C77E00DBEBC2 /* Runtime____________Tests.m */,
				C95421551D45C77E00DBEBC2 /* Info.plist */,
			);
			path = "Runtime(给分类动态的添加属性)Tests";
			sourceTree = "<group>";
		};
		C954215D1D45C77F00DBEBC2 /* Runtime(给分类动态的添加属性)UITests */ = {
			isa = PBXGroup;
			children = (
				C954215E1D45C77F00DBEBC2 /* Runtime____________UITests.m */,
				C95421601D45C77F00DBEBC2 /* Info.plist */,
			);
			path = "Runtime(给分类动态的添加属性)UITests";
			sourceTree = "<group>";
		};
/* End PBXGroup section */

/* Begin PBXNativeTarget section */
		C95421351D45C77E00DBEBC2 /* Runtime(给分类动态的添加属性) */ = {
			isa = PBXNativeTarget;
			buildConfigurationList = C95421631D45C77F00DBEBC2 /* Build configuration list for PBXNativeTarget "Runtime(给分类动态的添加属性)" */;
			buildPhases = (
				C95421321D45C77E00DBEBC2 /* Sources */,
				C95421331D45C77E00DBEBC2 /* Frameworks */,
				C95421341D45C77E00DBEBC2 /* Resources */,
			);
			buildRules = (
			);
			dependencies = (
			);
			name = "Runtime(给分类动态的添加属性)";
			productName = "Runtime(给分类动态的添加属性)";
			productReference = C95421361D45C77E00DBEBC2 /* Runtime(给分类动态的添加属性).app */;
			productType = "com.apple.product-type.application";
		};
		C954214E1D45C77E00DBEBC2 /* Runtime(给分类动态的添加属性)Tests */ = {
			isa = PBXNativeTarget;
			buildConfigurationList = C95421661D45C77F00DBEBC2 /* Build configuration list for PBXNativeTarget "Runtime(给分类动态的添加属性)Tests" */;
			buildPhases = (
				C954214B1D45C77E00DBEBC2 /* Sources */,
				C954214C1D45C77E00DBEBC2 /* Frameworks */,
				C954214D1D45C77E00DBEBC2 /* Resources */,
			);
			buildRules = (
			);
			dependencies = (
				C95421511D45C77E00DBEBC2 /* PBXTargetDependency */,
			);
			name = "Runtime(给分类动态的添加属性)Tests";
			productName = "Runtime(给分类动态的添加属性)Tests";
			productReference = C954214F1D45C77E00DBEBC2 /* Runtime(给分类动态的添加属性)Tests.xctest */;
			productType = "com.apple.product-type.bundle.unit-test";
		};
		C95421591D45C77F00DBEBC2 /* Runtime(给分类动态的添加属性)UITests */ = {
			isa = PBXNativeTarget;
			buildConfigurationList = C95421691D45C77F00DBEBC2 /* Build configuration list for PBXNativeTarget "Runtime(给分类动态的添加属性)UITests" */;
			buildPhases = (
				C95421561D45C77F00DBEBC2 /* Sources */,
				C95421571D45C77F00DBEBC2 /* Frameworks */,
				C95421581D45C77F00DBEBC2 /* Resources */,
			);
			buildRules = (
			);
			dependencies = (
				C954215C1D45C77F00DBEBC2 /* PBXTargetDependency */,
			);
			name = "Runtime(给分类动态的添加属性)UITests";
			productName = "Runtime(给分类动态的添加属性)UITests";
			productReference = C954215A1D45C77F00DBEBC2 /* Runtime(给分类动态的添加属性)UITests.xctest */;
			productType = "com.apple.product-type.bundle.ui-testing";
		};
/* End PBXNativeTarget section */

/* Begin PBXProject section */
		C954212E1D45C77E00DBEBC2 /* Project object */ = {
			isa = PBXProject;
			attributes = {
				LastUpgradeCheck = 0730;
				ORGANIZATIONNAME = "张炫赫";
				TargetAttributes = {
					C95421351D45C77E00DBEBC2 = {
						CreatedOnToolsVersion = 7.3.1;
					};
					C954214E1D45C77E00DBEBC2 = {
						CreatedOnToolsVersion = 7.3.1;
						TestTargetID = C95421351D45C77E00DBEBC2;
					};
					C95421591D45C77F00DBEBC2 = {
						CreatedOnToolsVersion = 7.3.1;
						TestTargetID = C95421351D45C77E00DBEBC2;
					};
				};
			};
			buildConfigurationList = C95421311D45C77E00DBEBC2 /* Build configuration list for PBXProject "Runtime(给分类动态的添加属性)" */;
			compatibilityVersion = "Xcode 3.2";
			developmentRegion = English;
			hasScannedForEncodings = 0;
			knownRegions = (
				en,
				Base,
			);
			mainGroup = C954212D1D45C77E00DBEBC2;
			productRefGroup = C95421371D45C77E00DBEBC2 /* Products */;
			projectDirPath = "";
			projectRoot = "";
			targets = (
				C95421351D45C77E00DBEBC2 /* Runtime(给分类动态的添加属性) */,
				C954214E1D45C77E00DBEBC2 /* Runtime(给分类动态的添加属性)Tests */,
				C95421591D45C77F00DBEBC2 /* Runtime(给分类动态的添加属性)UITests */,
			);
		};
/* End PBXProject section */

/* Begin PBXResourcesBuildPhase section */
		C95421341D45C77E00DBEBC2 /* Resources */ = {
			isa = PBXResourcesBuildPhase;
			buildActionMask = 2147483647;
			files = (
				C95421491D45C77E00DBEBC2 /* LaunchScreen.storyboard in Resources */,
				C95421461D45C77E00DBEBC2 /* Assets.xcassets in Resources */,
				C95421441D45C77E00DBEBC2 /* Main.storyboard in Resources */,
			);
			runOnlyForDeploymentPostprocessing = 0;
		};
		C954214D1D45C77E00DBEBC2 /* Resources */ = {
			isa = PBXResourcesBuildPhase;
			buildActionMask = 2147483647;
			files = (
			);
			runOnlyForDeploymentPostprocessing = 0;
		};
		C95421581D45C77F00DBEBC2 /* Resources */ = {
			isa = PBXResourcesBuildPhase;
			buildActionMask = 2147483647;
			files = (
			);
			runOnlyForDeploymentPostprocessing = 0;
		};
/* End PBXResourcesBuildPhase section */

/* Begin PBXSourcesBuildPhase section */
		C95421321D45C77E00DBEBC2 /* Sources */ = {
			isa = PBXSourcesBuildPhase;
			buildActionMask = 2147483647;
			files = (
				C95421411D45C77E00DBEBC2 /* ViewController.m in Sources */,
				C954213E1D45C77E00DBEBC2 /* AppDelegate.m in Sources */,
				C954216E1D45C7CD00DBEBC2 /* NSObject+Property.m in Sources */,
				C954213B1D45C77E00DBEBC2 /* main.m in Sources */,
			);
			runOnlyForDeploymentPostprocessing = 0;
		};
		C954214B1D45C77E00DBEBC2 /* Sources */ = {
			isa = PBXSourcesBuildPhase;
			buildActionMask = 2147483647;
			files = (
				C95421541D45C77E00DBEBC2 /* Runtime____________Tests.m in Sources */,
			);
			runOnlyForDeploymentPostprocessing = 0;
		};
		C95421561D45C77F00DBEBC2 /* Sources */ = {
			isa = PBXSourcesBuildPhase;
			buildActionMask = 2147483647;
			files = (
				C954215F1D45C77F00DBEBC2 /* Runtime____________UITests.m in Sources */,
			);
			runOnlyForDeploymentPostprocessing = 0;
		};
/* End PBXSourcesBuildPhase section */

/* Begin PBXTargetDependency section */
		C95421511D45C77E00DBEBC2 /* PBXTargetDependency */ = {
			isa = PBXTargetDependency;
			target = C95421351D45C77E00DBEBC2 /* Runtime(给分类动态的添加属性) */;
			targetProxy = C95421501D45C77E00DBEBC2 /* PBXContainerItemProxy */;
		};
		C954215C1D45C77F00DBEBC2 /* PBXTargetDependency */ = {
			isa = PBXTargetDependency;
			target = C95421351D45C77E00DBEBC2 /* Runtime(给分类动态的添加属性) */;
			targetProxy = C954215B1D45C77F00DBEBC2 /* PBXContainerItemProxy */;
		};
/* End PBXTargetDependency section */

/* Begin PBXVariantGroup section */
		C95421421D45C77E00DBEBC2 /* Main.storyboard */ = {
			isa = PBXVariantGroup;
			children = (
				C95421431D45C77E00DBEBC2 /* Base */,
			);
			name = Main.storyboard;
			sourceTree = "<group>";
		};
		C95421471D45C77E00DBEBC2 /* LaunchScreen.storyboard */ = {
			isa = PBXVariantGroup;
			children = (
				C95421481D45C77E00DBEBC2 /* Base */,
			);
			name = LaunchScreen.storyboard;
			sourceTree = "<group>";
		};
/* End PBXVariantGroup section */

/* Begin XCBuildConfiguration section */
		C95421611D45C77F00DBEBC2 /* Debug */ = {
			isa = XCBuildConfiguration;
			buildSettings = {
				ALWAYS_SEARCH_USER_PATHS = NO;
				CLANG_ANALYZER_NONNULL = YES;
				CLANG_CXX_LANGUAGE_STANDARD = "gnu++0x";
				CLANG_CXX_LIBRARY = "libc++";
				CLANG_ENABLE_MODULES = YES;
				CLANG_ENABLE_OBJC_ARC = YES;
				CLANG_WARN_BOOL_CONVERSION = YES;
				CLANG_WARN_CONSTANT_CONVERSION = YES;
				CLANG_WARN_DIRECT_OBJC_ISA_USAGE = YES_ERROR;
				CLANG_WARN_EMPTY_BODY = YES;
				CLANG_WARN_ENUM_CONVERSION = YES;
				CLANG_WARN_INT_CONVERSION = YES;
				CLANG_WARN_OBJC_ROOT_CLASS = YES_ERROR;
				CLANG_WARN_UNREACHABLE_CODE = YES;
				CLANG_WARN__DUPLICATE_METHOD_MATCH = YES;
				"CODE_SIGN_IDENTITY[sdk=iphoneos*]" = "iPhone Developer";
				COPY_PHASE_STRIP = NO;
				DEBUG_INFORMATION_FORMAT = dwarf;
				ENABLE_STRICT_OBJC_MSGSEND = YES;
				ENABLE_TESTABILITY = YES;
				GCC_C_LANGUAGE_STANDARD = gnu99;
				GCC_DYNAMIC_NO_PIC = NO;
				GCC_NO_COMMON_BLOCKS = YES;
				GCC_OPTIMIZATION_LEVEL = 0;
				GCC_PREPROCESSOR_DEFINITIONS = (
					"DEBUG=1",
					"$(inherited)",
				);
				GCC_WARN_64_TO_32_BIT_CONVERSION = YES;
				GCC_WARN_ABOUT_RETURN_TYPE = YES_ERROR;
				GCC_WARN_UNDECLARED_SELECTOR = YES;
				GCC_WARN_UNINITIALIZED_AUTOS = YES_AGGRESSIVE;
				GCC_WARN_UNUSED_FUNCTION = YES;
				GCC_WARN_UNUSED_VARIABLE = YES;
				IPHONEOS_DEPLOYMENT_TARGET = 9.3;
				MTL_ENABLE_DEBUG_INFO = YES;
				ONLY_ACTIVE_ARCH = YES;
				SDKROOT = iphoneos;
			};
			name = Debug;
		};
		C95421621D45C77F00DBEBC2 /* Release */ = {
			isa = XCBuildConfiguration;
			buildSettings = {
				ALWAYS_SEARCH_USER_PATHS = NO;
				CLANG_ANALYZER_NONNULL = YES;
				CLANG_CXX_LANGUAGE_STANDARD = "gnu++0x";
				CLANG_CXX_LIBRARY = "libc++";
				CLANG_ENABLE_MODULES = YES;
				CLANG_ENABLE_OBJC_ARC = YES;
				CLANG_WARN_BOOL_CONVERSION = YES;
				CLANG_WARN_CONSTANT_CONVERSION = YES;
				CLANG_WARN_DIRECT_OBJC_ISA_USAGE = YES_ERROR;
				CLANG_WARN_EMPTY_BODY = YES;
				CLANG_WARN_ENUM_CONVERSION = YES;
				CLANG_WARN_INT_CONVERSION = YES;
				CLANG_WARN_OBJC_ROOT_CLASS = YES_ERROR;
				CLANG_WARN_UNREACHABLE_CODE = YES;
				CLANG_WARN__DUPLICATE_METHOD_MATCH = YES;
				"CODE_SIGN_IDENTITY[sdk=iphoneos*]" = "iPhone Developer";
				COPY_PHASE_STRIP = NO;
				DEBUG_INFORMATION_FORMAT = "dwarf-with-dsym";
				ENABLE_NS_ASSERTIONS = NO;
				ENABLE_STRICT_OBJC_MSGSEND = YES;
				GCC_C_LANGUAGE_STANDARD = gnu99;
				GCC_NO_COMMON_BLOCKS = YES;
				GCC_WARN_64_TO_32_BIT_CONVERSION = YES;
				GCC_WARN_ABOUT_RETURN_TYPE = YES_ERROR;
				GCC_WARN_UNDECLARED_SELECTOR = YES;
				GCC_WARN_UNINITIALIZED_AUTOS = YES_AGGRESSIVE;
				GCC_WARN_UNUSED_FUNCTION = YES;
				GCC_WARN_UNUSED_VARIABLE = YES;
				IPHONEOS_DEPLOYMENT_TARGET = 9.3;
				MTL_ENABLE_DEBUG_INFO = NO;
				SDKROOT = iphoneos;
				VALIDATE_PRODUCT = YES;
			};
			name = Release;
		};
		C95421641D45C77F00DBEBC2 /* Debug */ = {
			isa = XCBuildConfiguration;
			buildSettings = {
				ASSETCATALOG_COMPILER_APPICON_NAME = AppIcon;
				INFOPLIST_FILE = "Runtime(给分类动态的添加属性)/Info.plist";
				LD_RUNPATH_SEARCH_PATHS = "$(inherited) @executable_path/Frameworks";
				PRODUCT_BUNDLE_IDENTIFIER = "cn.ShangChen.Ios.Runtime------------";
				PRODUCT_NAME = "$(TARGET_NAME)";
			};
			name = Debug;
		};
		C95421651D45C77F00DBEBC2 /* Release */ = {
			isa = XCBuildConfiguration;
			buildSettings = {
				ASSETCATALOG_COMPILER_APPICON_NAME = AppIcon;
				INFOPLIST_FILE = "Runtime(给分类动态的添加属性)/Info.plist";
				LD_RUNPATH_SEARCH_PATHS = "$(inherited) @executable_path/Frameworks";
				PRODUCT_BUNDLE_IDENTIFIER = "cn.ShangChen.Ios.Runtime------------";
				PRODUCT_NAME = "$(TARGET_NAME)";
			};
			name = Release;
		};
		C95421671D45C77F00DBEBC2 /* Debug */ = {
			isa = XCBuildConfiguration;
			buildSettings = {
				BUNDLE_LOADER = "$(TEST_HOST)";
				INFOPLIST_FILE = "Runtime(给分类动态的添加属性)Tests/Info.plist";
				LD_RUNPATH_SEARCH_PATHS = "$(inherited) @executable_path/Frameworks @loader_path/Frameworks";
				PRODUCT_BUNDLE_IDENTIFIER = "cn.ShangChen.Ios.Runtime------------Tests";
				PRODUCT_NAME = "$(TARGET_NAME)";
				TEST_HOST = "$(BUILT_PRODUCTS_DIR)/Runtime(给分类动态的添加属性).app/Runtime(给分类动态的添加属性)";
			};
			name = Debug;
		};
		C95421681D45C77F00DBEBC2 /* Release */ = {
			isa = XCBuildConfiguration;
			buildSettings = {
				BUNDLE_LOADER = "$(TEST_HOST)";
				INFOPLIST_FILE = "Runtime(给分类动态的添加属性)Tests/Info.plist";
				LD_RUNPATH_SEARCH_PATHS = "$(inherited) @executable_path/Frameworks @loader_path/Frameworks";
				PRODUCT_BUNDLE_IDENTIFIER = "cn.ShangChen.Ios.Runtime------------Tests";
				PRODUCT_NAME = "$(TARGET_NAME)";
				TEST_HOST = "$(BUILT_PRODUCTS_DIR)/Runtime(给分类动态的添加属性).app/Runtime(给分类动态的添加属性)";
			};
			name = Release;
		};
		C954216A1D45C77F00DBEBC2 /* Debug */ = {
			isa = XCBuildConfiguration;
			buildSettings = {
				INFOPLIST_FILE = "Runtime(给分类动态的添加属性)UITests/Info.plist";
				LD_RUNPATH_SEARCH_PATHS = "$(inherited) @executable_path/Frameworks @loader_path/Frameworks";
				PRODUCT_BUNDLE_IDENTIFIER = "cn.ShangChen.Ios.Runtime------------UITests";
				PRODUCT_NAME = "$(TARGET_NAME)";
				TEST_TARGET_NAME = "Runtime(给分类动态的添加属性)";
			};
			name = Debug;
		};
		C954216B1D45C77F00DBEBC2 /* Release */ = {
			isa = XCBuildConfiguration;
			buildSettings = {
				INFOPLIST_FILE = "Runtime(给分类动态的添加属性)UITests/Info.plist";
				LD_RUNPATH_SEARCH_PATHS = "$(inherited) @executable_path/Frameworks @loader_path/Frameworks";
				PRODUCT_BUNDLE_IDENTIFIER = "cn.ShangChen.Ios.Runtime------------UITests";
				PRODUCT_NAME = "$(TARGET_NAME)";
				TEST_TARGET_NAME = "Runtime(给分类动态的添加属性)";
			};
			name = Release;
		};
/* End XCBuildConfiguration section */

/* Begin XCConfigurationList section */
		C95421311D45C77E00DBEBC2 /* Build configuration list for PBXProject "Runtime(给分类动态的添加属性)" */ = {
			isa = XCConfigurationList;
			buildConfigurations = (
				C95421611D45C77F00DBEBC2 /* Debug */,
				C95421621D45C77F00DBEBC2 /* Release */,
			);
			defaultConfigurationIsVisible = 0;
			defaultConfigurationName = Release;
		};
		C95421631D45C77F00DBEBC2 /* Build configuration list for PBXNativeTarget "Runtime(给分类动态的添加属性)" */ = {
			isa = XCConfigurationList;
			buildConfigurations = (
				C95421641D45C77F00DBEBC2 /* Debug */,
				C95421651D45C77F00DBEBC2 /* Release */,
			);
			defaultConfigurationIsVisible = 0;
		};
		C95421661D45C77F00DBEBC2 /* Build configuration list for PBXNativeTarget "Runtime(给分类动态的添加属性)Tests" */ = {
			isa = XCConfigurationList;
			buildConfigurations = (
				C95421671D45C77F00DBEBC2 /* Debug */,
				C95421681D45C77F00DBEBC2 /* Release */,
			);
			defaultConfigurationIsVisible = 0;
		};
		C95421691D45C77F00DBEBC2 /* Build configuration list for PBXNativeTarget "Runtime(给分类动态的添加属性)UITests" */ = {
			isa = XCConfigurationList;
			buildConfigurations = (
				C954216A1D45C77F00DBEBC2 /* Debug */,
				C954216B1D45C77F00DBEBC2 /* Release */,
			);
			defaultConfigurationIsVisible = 0;
		};
/* End XCConfigurationList section */
	};
	rootObject = C954212E1D45C77E00DBEBC2 /* Project object */;
}
