// !$*UTF8*$!
{
	archiveVersion = 1;
	classes = {
	};
	objectVersion = 48;
	objects = {

/* Begin PBXBuildFile section */
		C9F286D22089DF3B00D3C06E /* AppDelegate.m in Sources */ = {isa = PBXBuildFile; fileRef = C9F286D12089DF3B00D3C06E /* AppDelegate.m */; };
		C9F286D52089DF3B00D3C06E /* ViewController.m in Sources */ = {isa = PBXBuildFile; fileRef = C9F286D42089DF3B00D3C06E /* ViewController.m */; };
		C9F286D82089DF3B00D3C06E /* Main.storyboard in Resources */ = {isa = PBXBuildFile; fileRef = C9F286D62089DF3B00D3C06E /* Main.storyboard */; };
		C9F286DA2089DF3B00D3C06E /* Assets.xcassets in Resources */ = {isa = PBXBuildFile; fileRef = C9F286D92089DF3B00D3C06E /* Assets.xcassets */; };
		C9F286DD2089DF3B00D3C06E /* LaunchScreen.storyboard in Resources */ = {isa = PBXBuildFile; fileRef = C9F286DB2089DF3B00D3C06E /* LaunchScreen.storyboard */; };
		C9F286E02089DF3B00D3C06E /* main.m in Sources */ = {isa = PBXBuildFile; fileRef = C9F286DF2089DF3B00D3C06E /* main.m */; };
		C9F286EA2089DF3B00D3C06E /* RuntimeallmseagTests.m in Sources */ = {isa = PBXBuildFile; fileRef = C9F286E92089DF3B00D3C06E /* RuntimeallmseagTests.m */; };
		C9F286F52089DF3B00D3C06E /* RuntimeallmseagUITests.m in Sources */ = {isa = PBXBuildFile; fileRef = C9F286F42089DF3B00D3C06E /* RuntimeallmseagUITests.m */; };
		C9F287042089DF5900D3C06E /* Person.m in Sources */ = {isa = PBXBuildFile; fileRef = C9F287032089DF5900D3C06E /* Person.m */; };
/* End PBXBuildFile section */

/* Begin PBXContainerItemProxy section */
		C9F286E62089DF3B00D3C06E /* PBXContainerItemProxy */ = {
			isa = PBXContainerItemProxy;
			containerPortal = C9F286C52089DF3B00D3C06E /* Project object */;
			proxyType = 1;
			remoteGlobalIDString = C9F286CC2089DF3B00D3C06E;
			remoteInfo = Runtimeallmseag;
		};
		C9F286F12089DF3B00D3C06E /* PBXContainerItemProxy */ = {
			isa = PBXContainerItemProxy;
			containerPortal = C9F286C52089DF3B00D3C06E /* Project object */;
			proxyType = 1;
			remoteGlobalIDString = C9F286CC2089DF3B00D3C06E;
			remoteInfo = Runtimeallmseag;
		};
/* End PBXContainerItemProxy section */

/* Begin PBXFileReference section */
		C9F286CD2089DF3B00D3C06E /* Runtimeallmseag.app */ = {isa = PBXFileReference; explicitFileType = wrapper.application; includeInIndex = 0; path = Runtimeallmseag.app; sourceTree = BUILT_PRODUCTS_DIR; };
		C9F286D02089DF3B00D3C06E /* AppDelegate.h */ = {isa = PBXFileReference; lastKnownFileType = sourcecode.c.h; path = AppDelegate.h; sourceTree = "<group>"; };
		C9F286D12089DF3B00D3C06E /* AppDelegate.m */ = {isa = PBXFileReference; lastKnownFileType = sourcecode.c.objc; path = AppDelegate.m; sourceTree = "<group>"; };
		C9F286D32089DF3B00D3C06E /* ViewController.h */ = {isa = PBXFileReference; lastKnownFileType = sourcecode.c.h; path = ViewController.h; sourceTree = "<group>"; };
		C9F286D42089DF3B00D3C06E /* ViewController.m */ = {isa = PBXFileReference; lastKnownFileType = sourcecode.c.objc; path = ViewController.m; sourceTree = "<group>"; };
		C9F286D72089DF3B00D3C06E /* Base */ = {isa = PBXFileReference; lastKnownFileType = file.storyboard; name = Base; path = Base.lproj/Main.storyboard; sourceTree = "<group>"; };
		C9F286D92089DF3B00D3C06E /* Assets.xcassets */ = {isa = PBXFileReference; lastKnownFileType = folder.assetcatalog; path = Assets.xcassets; sourceTree = "<group>"; };
		C9F286DC2089DF3B00D3C06E /* Base */ = {isa = PBXFileReference; lastKnownFileType = file.storyboard; name = Base; path = Base.lproj/LaunchScreen.storyboard; sourceTree = "<group>"; };
		C9F286DE2089DF3B00D3C06E /* Info.plist */ = {isa = PBXFileReference; lastKnownFileType = text.plist.xml; path = Info.plist; sourceTree = "<group>"; };
		C9F286DF2089DF3B00D3C06E /* main.m */ = {isa = PBXFileReference; lastKnownFileType = sourcecode.c.objc; path = main.m; sourceTree = "<group>"; };
		C9F286E52089DF3B00D3C06E /* RuntimeallmseagTests.xctest */ = {isa = PBXFileReference; explicitFileType = wrapper.cfbundle; includeInIndex = 0; path = RuntimeallmseagTests.xctest; sourceTree = BUILT_PRODUCTS_DIR; };
		C9F286E92089DF3B00D3C06E /* RuntimeallmseagTests.m */ = {isa = PBXFileReference; lastKnownFileType = sourcecode.c.objc; path = RuntimeallmseagTests.m; sourceTree = "<group>"; };
		C9F286EB2089DF3B00D3C06E /* Info.plist */ = {isa = PBXFileReference; lastKnownFileType = text.plist.xml; path = Info.plist; sourceTree = "<group>"; };
		C9F286F02089DF3B00D3C06E /* RuntimeallmseagUITests.xctest */ = {isa = PBXFileReference; explicitFileType = wrapper.cfbundle; includeInIndex = 0; path = RuntimeallmseagUITests.xctest; sourceTree = BUILT_PRODUCTS_DIR; };
		C9F286F42089DF3B00D3C06E /* RuntimeallmseagUITests.m */ = {isa = PBXFileReference; lastKnownFileType = sourcecode.c.objc; path = RuntimeallmseagUITests.m; sourceTree = "<group>"; };
		C9F286F62089DF3B00D3C06E /* Info.plist */ = {isa = PBXFileReference; lastKnownFileType = text.plist.xml; path = Info.plist; sourceTree = "<group>"; };
		C9F287022089DF5900D3C06E /* Person.h */ = {isa = PBXFileReference; lastKnownFileType = sourcecode.c.h; path = Person.h; sourceTree = "<group>"; };
		C9F287032089DF5900D3C06E /* Person.m */ = {isa = PBXFileReference; lastKnownFileType = sourcecode.c.objc; path = Person.m; sourceTree = "<group>"; };
/* End PBXFileReference section */

/* Begin PBXFrameworksBuildPhase section */
		C9F286CA2089DF3B00D3C06E /* Frameworks */ = {
			isa = PBXFrameworksBuildPhase;
			buildActionMask = 2147483647;
			files = (
			);
			runOnlyForDeploymentPostprocessing = 0;
		};
		C9F286E22089DF3B00D3C06E /* Frameworks */ = {
			isa = PBXFrameworksBuildPhase;
			buildActionMask = 2147483647;
			files = (
			);
			runOnlyForDeploymentPostprocessing = 0;
		};
		C9F286ED2089DF3B00D3C06E /* Frameworks */ = {
			isa = PBXFrameworksBuildPhase;
			buildActionMask = 2147483647;
			files = (
			);
			runOnlyForDeploymentPostprocessing = 0;
		};
/* End PBXFrameworksBuildPhase section */

/* Begin PBXGroup section */
		C9F286C42089DF3B00D3C06E = {
			isa = PBXGroup;
			children = (
				C9F286CF2089DF3B00D3C06E /* Runtimeallmseag */,
				C9F286E82089DF3B00D3C06E /* RuntimeallmseagTests */,
				C9F286F32089DF3B00D3C06E /* RuntimeallmseagUITests */,
				C9F286CE2089DF3B00D3C06E /* Products */,
			);
			sourceTree = "<group>";
		};
		C9F286CE2089DF3B00D3C06E /* Products */ = {
			isa = PBXGroup;
			children = (
				C9F286CD2089DF3B00D3C06E /* Runtimeallmseag.app */,
				C9F286E52089DF3B00D3C06E /* RuntimeallmseagTests.xctest */,
				C9F286F02089DF3B00D3C06E /* RuntimeallmseagUITests.xctest */,
			);
			name = Products;
			sourceTree = "<group>";
		};
		C9F286CF2089DF3B00D3C06E /* Runtimeallmseag */ = {
			isa = PBXGroup;
			children = (
				C9F286D02089DF3B00D3C06E /* AppDelegate.h */,
				C9F286D12089DF3B00D3C06E /* AppDelegate.m */,
				C9F286D32089DF3B00D3C06E /* ViewController.h */,
				C9F286D42089DF3B00D3C06E /* ViewController.m */,
				C9F287022089DF5900D3C06E /* Person.h */,
				C9F287032089DF5900D3C06E /* Person.m */,
				C9F286D62089DF3B00D3C06E /* Main.storyboard */,
				C9F286D92089DF3B00D3C06E /* Assets.xcassets */,
				C9F286DB2089DF3B00D3C06E /* LaunchScreen.storyboard */,
				C9F286DE2089DF3B00D3C06E /* Info.plist */,
				C9F286DF2089DF3B00D3C06E /* main.m */,
			);
			path = Runtimeallmseag;
			sourceTree = "<group>";
		};
		C9F286E82089DF3B00D3C06E /* RuntimeallmseagTests */ = {
			isa = PBXGroup;
			children = (
				C9F286E92089DF3B00D3C06E /* RuntimeallmseagTests.m */,
				C9F286EB2089DF3B00D3C06E /* Info.plist */,
			);
			path = RuntimeallmseagTests;
			sourceTree = "<group>";
		};
		C9F286F32089DF3B00D3C06E /* RuntimeallmseagUITests */ = {
			isa = PBXGroup;
			children = (
				C9F286F42089DF3B00D3C06E /* RuntimeallmseagUITests.m */,
				C9F286F62089DF3B00D3C06E /* Info.plist */,
			);
			path = RuntimeallmseagUITests;
			sourceTree = "<group>";
		};
/* End PBXGroup section */

/* Begin PBXNativeTarget section */
		C9F286CC2089DF3B00D3C06E /* Runtimeallmseag */ = {
			isa = PBXNativeTarget;
			buildConfigurationList = C9F286F92089DF3B00D3C06E /* Build configuration list for PBXNativeTarget "Runtimeallmseag" */;
			buildPhases = (
				C9F286C92089DF3B00D3C06E /* Sources */,
				C9F286CA2089DF3B00D3C06E /* Frameworks */,
				C9F286CB2089DF3B00D3C06E /* Resources */,
			);
			buildRules = (
			);
			dependencies = (
			);
			name = Runtimeallmseag;
			productName = Runtimeallmseag;
			productReference = C9F286CD2089DF3B00D3C06E /* Runtimeallmseag.app */;
			productType = "com.apple.product-type.application";
		};
		C9F286E42089DF3B00D3C06E /* RuntimeallmseagTests */ = {
			isa = PBXNativeTarget;
			buildConfigurationList = C9F286FC2089DF3B00D3C06E /* Build configuration list for PBXNativeTarget "RuntimeallmseagTests" */;
			buildPhases = (
				C9F286E12089DF3B00D3C06E /* Sources */,
				C9F286E22089DF3B00D3C06E /* Frameworks */,
				C9F286E32089DF3B00D3C06E /* Resources */,
			);
			buildRules = (
			);
			dependencies = (
				C9F286E72089DF3B00D3C06E /* PBXTargetDependency */,
			);
			name = RuntimeallmseagTests;
			productName = RuntimeallmseagTests;
			productReference = C9F286E52089DF3B00D3C06E /* RuntimeallmseagTests.xctest */;
			productType = "com.apple.product-type.bundle.unit-test";
		};
		C9F286EF2089DF3B00D3C06E /* RuntimeallmseagUITests */ = {
			isa = PBXNativeTarget;
			buildConfigurationList = C9F286FF2089DF3B00D3C06E /* Build configuration list for PBXNativeTarget "RuntimeallmseagUITests" */;
			buildPhases = (
				C9F286EC2089DF3B00D3C06E /* Sources */,
				C9F286ED2089DF3B00D3C06E /* Frameworks */,
				C9F286EE2089DF3B00D3C06E /* Resources */,
			);
			buildRules = (
			);
			dependencies = (
				C9F286F22089DF3B00D3C06E /* PBXTargetDependency */,
			);
			name = RuntimeallmseagUITests;
			productName = RuntimeallmseagUITests;
			productReference = C9F286F02089DF3B00D3C06E /* RuntimeallmseagUITests.xctest */;
			productType = "com.apple.product-type.bundle.ui-testing";
		};
/* End PBXNativeTarget section */

/* Begin PBXProject section */
		C9F286C52089DF3B00D3C06E /* Project object */ = {
			isa = PBXProject;
			attributes = {
				LastUpgradeCheck = 0920;
				ORGANIZATIONNAME = "上海彭于晏";
				TargetAttributes = {
					C9F286CC2089DF3B00D3C06E = {
						CreatedOnToolsVersion = 9.2;
						ProvisioningStyle = Automatic;
					};
					C9F286E42089DF3B00D3C06E = {
						CreatedOnToolsVersion = 9.2;
						ProvisioningStyle = Automatic;
						TestTargetID = C9F286CC2089DF3B00D3C06E;
					};
					C9F286EF2089DF3B00D3C06E = {
						CreatedOnToolsVersion = 9.2;
						ProvisioningStyle = Automatic;
						TestTargetID = C9F286CC2089DF3B00D3C06E;
					};
				};
			};
			buildConfigurationList = C9F286C82089DF3B00D3C06E /* Build configuration list for PBXProject "Runtimeallmseag" */;
			compatibilityVersion = "Xcode 8.0";
			developmentRegion = en;
			hasScannedForEncodings = 0;
			knownRegions = (
				en,
				Base,
			);
			mainGroup = C9F286C42089DF3B00D3C06E;
			productRefGroup = C9F286CE2089DF3B00D3C06E /* Products */;
			projectDirPath = "";
			projectRoot = "";
			targets = (
				C9F286CC2089DF3B00D3C06E /* Runtimeallmseag */,
				C9F286E42089DF3B00D3C06E /* RuntimeallmseagTests */,
				C9F286EF2089DF3B00D3C06E /* RuntimeallmseagUITests */,
			);
		};
/* End PBXProject section */

/* Begin PBXResourcesBuildPhase section */
		C9F286CB2089DF3B00D3C06E /* Resources */ = {
			isa = PBXResourcesBuildPhase;
			buildActionMask = 2147483647;
			files = (
				C9F286DD2089DF3B00D3C06E /* LaunchScreen.storyboard in Resources */,
				C9F286DA2089DF3B00D3C06E /* Assets.xcassets in Resources */,
				C9F286D82089DF3B00D3C06E /* Main.storyboard in Resources */,
			);
			runOnlyForDeploymentPostprocessing = 0;
		};
		C9F286E32089DF3B00D3C06E /* Resources */ = {
			isa = PBXResourcesBuildPhase;
			buildActionMask = 2147483647;
			files = (
			);
			runOnlyForDeploymentPostprocessing = 0;
		};
		C9F286EE2089DF3B00D3C06E /* Resources */ = {
			isa = PBXResourcesBuildPhase;
			buildActionMask = 2147483647;
			files = (
			);
			runOnlyForDeploymentPostprocessing = 0;
		};
/* End PBXResourcesBuildPhase section */

/* Begin PBXSourcesBuildPhase section */
		C9F286C92089DF3B00D3C06E /* Sources */ = {
			isa = PBXSourcesBuildPhase;
			buildActionMask = 2147483647;
			files = (
				C9F286D52089DF3B00D3C06E /* ViewController.m in Sources */,
				C9F286E02089DF3B00D3C06E /* main.m in Sources */,
				C9F287042089DF5900D3C06E /* Person.m in Sources */,
				C9F286D22089DF3B00D3C06E /* AppDelegate.m in Sources */,
			);
			runOnlyForDeploymentPostprocessing = 0;
		};
		C9F286E12089DF3B00D3C06E /* Sources */ = {
			isa = PBXSourcesBuildPhase;
			buildActionMask = 2147483647;
			files = (
				C9F286EA2089DF3B00D3C06E /* RuntimeallmseagTests.m in Sources */,
			);
			runOnlyForDeploymentPostprocessing = 0;
		};
		C9F286EC2089DF3B00D3C06E /* Sources */ = {
			isa = PBXSourcesBuildPhase;
			buildActionMask = 2147483647;
			files = (
				C9F286F52089DF3B00D3C06E /* RuntimeallmseagUITests.m in Sources */,
			);
			runOnlyForDeploymentPostprocessing = 0;
		};
/* End PBXSourcesBuildPhase section */

/* Begin PBXTargetDependency section */
		C9F286E72089DF3B00D3C06E /* PBXTargetDependency */ = {
			isa = PBXTargetDependency;
			target = C9F286CC2089DF3B00D3C06E /* Runtimeallmseag */;
			targetProxy = C9F286E62089DF3B00D3C06E /* PBXContainerItemProxy */;
		};
		C9F286F22089DF3B00D3C06E /* PBXTargetDependency */ = {
			isa = PBXTargetDependency;
			target = C9F286CC2089DF3B00D3C06E /* Runtimeallmseag */;
			targetProxy = C9F286F12089DF3B00D3C06E /* PBXContainerItemProxy */;
		};
/* End PBXTargetDependency section */

/* Begin PBXVariantGroup section */
		C9F286D62089DF3B00D3C06E /* Main.storyboard */ = {
			isa = PBXVariantGroup;
			children = (
				C9F286D72089DF3B00D3C06E /* Base */,
			);
			name = Main.storyboard;
			sourceTree = "<group>";
		};
		C9F286DB2089DF3B00D3C06E /* LaunchScreen.storyboard */ = {
			isa = PBXVariantGroup;
			children = (
				C9F286DC2089DF3B00D3C06E /* Base */,
			);
			name = LaunchScreen.storyboard;
			sourceTree = "<group>";
		};
/* End PBXVariantGroup section */

/* Begin XCBuildConfiguration section */
		C9F286F72089DF3B00D3C06E /* Debug */ = {
			isa = XCBuildConfiguration;
			buildSettings = {
				ALWAYS_SEARCH_USER_PATHS = NO;
				CLANG_ANALYZER_NONNULL = YES;
				CLANG_ANALYZER_NUMBER_OBJECT_CONVERSION = YES_AGGRESSIVE;
				CLANG_CXX_LANGUAGE_STANDARD = "gnu++14";
				CLANG_CXX_LIBRARY = "libc++";
				CLANG_ENABLE_MODULES = YES;
				CLANG_ENABLE_OBJC_ARC = YES;
				CLANG_WARN_BLOCK_CAPTURE_AUTORELEASING = YES;
				CLANG_WARN_BOOL_CONVERSION = YES;
				CLANG_WARN_COMMA = YES;
				CLANG_WARN_CONSTANT_CONVERSION = YES;
				CLANG_WARN_DIRECT_OBJC_ISA_USAGE = YES_ERROR;
				CLANG_WARN_DOCUMENTATION_COMMENTS = YES;
				CLANG_WARN_EMPTY_BODY = YES;
				CLANG_WARN_ENUM_CONVERSION = YES;
				CLANG_WARN_INFINITE_RECURSION = YES;
				CLANG_WARN_INT_CONVERSION = YES;
				CLANG_WARN_NON_LITERAL_NULL_CONVERSION = YES;
				CLANG_WARN_OBJC_LITERAL_CONVERSION = YES;
				CLANG_WARN_OBJC_ROOT_CLASS = YES_ERROR;
				CLANG_WARN_RANGE_LOOP_ANALYSIS = YES;
				CLANG_WARN_STRICT_PROTOTYPES = YES;
				CLANG_WARN_SUSPICIOUS_MOVE = YES;
				CLANG_WARN_UNGUARDED_AVAILABILITY = YES_AGGRESSIVE;
				CLANG_WARN_UNREACHABLE_CODE = YES;
				CLANG_WARN__DUPLICATE_METHOD_MATCH = YES;
				CODE_SIGN_IDENTITY = "iPhone Developer";
				COPY_PHASE_STRIP = NO;
				DEBUG_INFORMATION_FORMAT = dwarf;
				ENABLE_STRICT_OBJC_MSGSEND = YES;
				ENABLE_TESTABILITY = YES;
				GCC_C_LANGUAGE_STANDARD = gnu11;
				GCC_DYNAMIC_NO_PIC = NO;
				GCC_NO_COMMON_BLOCKS = YES;
				GCC_OPTIMIZATION_LEVEL = 0;
				GCC_PREPROCESSOR_DEFINITIONS = (
					"DEBUG=1",
					"$(inherited)",
				);
				GCC_WARN_64_TO_32_BIT_CONVERSION = YES;
				GCC_WARN_ABOUT_RETURN_TYPE = YES_ERROR;
				GCC_WARN_UNDECLARED_SELECTOR = YES;
				GCC_WARN_UNINITIALIZED_AUTOS = YES_AGGRESSIVE;
				GCC_WARN_UNUSED_FUNCTION = YES;
				GCC_WARN_UNUSED_VARIABLE = YES;
				IPHONEOS_DEPLOYMENT_TARGET = 11.2;
				MTL_ENABLE_DEBUG_INFO = YES;
				ONLY_ACTIVE_ARCH = YES;
				SDKROOT = iphoneos;
			};
			name = Debug;
		};
		C9F286F82089DF3B00D3C06E /* Release */ = {
			isa = XCBuildConfiguration;
			buildSettings = {
				ALWAYS_SEARCH_USER_PATHS = NO;
				CLANG_ANALYZER_NONNULL = YES;
				CLANG_ANALYZER_NUMBER_OBJECT_CONVERSION = YES_AGGRESSIVE;
				CLANG_CXX_LANGUAGE_STANDARD = "gnu++14";
				CLANG_CXX_LIBRARY = "libc++";
				CLANG_ENABLE_MODULES = YES;
				CLANG_ENABLE_OBJC_ARC = YES;
				CLANG_WARN_BLOCK_CAPTURE_AUTORELEASING = YES;
				CLANG_WARN_BOOL_CONVERSION = YES;
				CLANG_WARN_COMMA = YES;
				CLANG_WARN_CONSTANT_CONVERSION = YES;
				CLANG_WARN_DIRECT_OBJC_ISA_USAGE = YES_ERROR;
				CLANG_WARN_DOCUMENTATION_COMMENTS = YES;
				CLANG_WARN_EMPTY_BODY = YES;
				CLANG_WARN_ENUM_CONVERSION = YES;
				CLANG_WARN_INFINITE_RECURSION = YES;
				CLANG_WARN_INT_CONVERSION = YES;
				CLANG_WARN_NON_LITERAL_NULL_CONVERSION = YES;
				CLANG_WARN_OBJC_LITERAL_CONVERSION = YES;
				CLANG_WARN_OBJC_ROOT_CLASS = YES_ERROR;
				CLANG_WARN_RANGE_LOOP_ANALYSIS = YES;
				CLANG_WARN_STRICT_PROTOTYPES = YES;
				CLANG_WARN_SUSPICIOUS_MOVE = YES;
				CLANG_WARN_UNGUARDED_AVAILABILITY = YES_AGGRESSIVE;
				CLANG_WARN_UNREACHABLE_CODE = YES;
				CLANG_WARN__DUPLICATE_METHOD_MATCH = YES;
				CODE_SIGN_IDENTITY = "iPhone Developer";
				COPY_PHASE_STRIP = NO;
				DEBUG_INFORMATION_FORMAT = "dwarf-with-dsym";
				ENABLE_NS_ASSERTIONS = NO;
				ENABLE_STRICT_OBJC_MSGSEND = YES;
				GCC_C_LANGUAGE_STANDARD = gnu11;
				GCC_NO_COMMON_BLOCKS = YES;
				GCC_WARN_64_TO_32_BIT_CONVERSION = YES;
				GCC_WARN_ABOUT_RETURN_TYPE = YES_ERROR;
				GCC_WARN_UNDECLARED_SELECTOR = YES;
				GCC_WARN_UNINITIALIZED_AUTOS = YES_AGGRESSIVE;
				GCC_WARN_UNUSED_FUNCTION = YES;
				GCC_WARN_UNUSED_VARIABLE = YES;
				IPHONEOS_DEPLOYMENT_TARGET = 11.2;
				MTL_ENABLE_DEBUG_INFO = NO;
				SDKROOT = iphoneos;
				VALIDATE_PRODUCT = YES;
			};
			name = Release;
		};
		C9F286FA2089DF3B00D3C06E /* Debug */ = {
			isa = XCBuildConfiguration;
			buildSettings = {
				ASSETCATALOG_COMPILER_APPICON_NAME = AppIcon;
				CODE_SIGN_STYLE = Automatic;
				DEVELOPMENT_TEAM = 6FT35EVAKL;
				INFOPLIST_FILE = Runtimeallmseag/Info.plist;
				LD_RUNPATH_SEARCH_PATHS = "$(inherited) @executable_path/Frameworks";
				PRODUCT_BUNDLE_IDENTIFIER = tcgg.Runtimeallmseag;
				PRODUCT_NAME = "$(TARGET_NAME)";
				TARGETED_DEVICE_FAMILY = "1,2";
			};
			name = Debug;
		};
		C9F286FB2089DF3B00D3C06E /* Release */ = {
			isa = XCBuildConfiguration;
			buildSettings = {
				ASSETCATALOG_COMPILER_APPICON_NAME = AppIcon;
				CODE_SIGN_STYLE = Automatic;
				DEVELOPMENT_TEAM = 6FT35EVAKL;
				INFOPLIST_FILE = Runtimeallmseag/Info.plist;
				LD_RUNPATH_SEARCH_PATHS = "$(inherited) @executable_path/Frameworks";
				PRODUCT_BUNDLE_IDENTIFIER = tcgg.Runtimeallmseag;
				PRODUCT_NAME = "$(TARGET_NAME)";
				TARGETED_DEVICE_FAMILY = "1,2";
			};
			name = Release;
		};
		C9F286FD2089DF3B00D3C06E /* Debug */ = {
			isa = XCBuildConfiguration;
			buildSettings = {
				BUNDLE_LOADER = "$(TEST_HOST)";
				CODE_SIGN_STYLE = Automatic;
				DEVELOPMENT_TEAM = 6FT35EVAKL;
				INFOPLIST_FILE = RuntimeallmseagTests/Info.plist;
				LD_RUNPATH_SEARCH_PATHS = "$(inherited) @executable_path/Frameworks @loader_path/Frameworks";
				PRODUCT_BUNDLE_IDENTIFIER = tcgg.RuntimeallmseagTests;
				PRODUCT_NAME = "$(TARGET_NAME)";
				TARGETED_DEVICE_FAMILY = "1,2";
				TEST_HOST = "$(BUILT_PRODUCTS_DIR)/Runtimeallmseag.app/Runtimeallmseag";
			};
			name = Debug;
		};
		C9F286FE2089DF3B00D3C06E /* Release */ = {
			isa = XCBuildConfiguration;
			buildSettings = {
				BUNDLE_LOADER = "$(TEST_HOST)";
				CODE_SIGN_STYLE = Automatic;
				DEVELOPMENT_TEAM = 6FT35EVAKL;
				INFOPLIST_FILE = RuntimeallmseagTests/Info.plist;
				LD_RUNPATH_SEARCH_PATHS = "$(inherited) @executable_path/Frameworks @loader_path/Frameworks";
				PRODUCT_BUNDLE_IDENTIFIER = tcgg.RuntimeallmseagTests;
				PRODUCT_NAME = "$(TARGET_NAME)";
				TARGETED_DEVICE_FAMILY = "1,2";
				TEST_HOST = "$(BUILT_PRODUCTS_DIR)/Runtimeallmseag.app/Runtimeallmseag";
			};
			name = Release;
		};
		C9F287002089DF3B00D3C06E /* Debug */ = {
			isa = XCBuildConfiguration;
			buildSettings = {
				CODE_SIGN_STYLE = Automatic;
				DEVELOPMENT_TEAM = 6FT35EVAKL;
				INFOPLIST_FILE = RuntimeallmseagUITests/Info.plist;
				LD_RUNPATH_SEARCH_PATHS = "$(inherited) @executable_path/Frameworks @loader_path/Frameworks";
				PRODUCT_BUNDLE_IDENTIFIER = tcgg.RuntimeallmseagUITests;
				PRODUCT_NAME = "$(TARGET_NAME)";
				TARGETED_DEVICE_FAMILY = "1,2";
				TEST_TARGET_NAME = Runtimeallmseag;
			};
			name = Debug;
		};
		C9F287012089DF3B00D3C06E /* Release */ = {
			isa = XCBuildConfiguration;
			buildSettings = {
				CODE_SIGN_STYLE = Automatic;
				DEVELOPMENT_TEAM = 6FT35EVAKL;
				INFOPLIST_FILE = RuntimeallmseagUITests/Info.plist;
				LD_RUNPATH_SEARCH_PATHS = "$(inherited) @executable_path/Frameworks @loader_path/Frameworks";
				PRODUCT_BUNDLE_IDENTIFIER = tcgg.RuntimeallmseagUITests;
				PRODUCT_NAME = "$(TARGET_NAME)";
				TARGETED_DEVICE_FAMILY = "1,2";
				TEST_TARGET_NAME = Runtimeallmseag;
			};
			name = Release;
		};
/* End XCBuildConfiguration section */

/* Begin XCConfigurationList section */
		C9F286C82089DF3B00D3C06E /* Build configuration list for PBXProject "Runtimeallmseag" */ = {
			isa = XCConfigurationList;
			buildConfigurations = (
				C9F286F72089DF3B00D3C06E /* Debug */,
				C9F286F82089DF3B00D3C06E /* Release */,
			);
			defaultConfigurationIsVisible = 0;
			defaultConfigurationName = Release;
		};
		C9F286F92089DF3B00D3C06E /* Build configuration list for PBXNativeTarget "Runtimeallmseag" */ = {
			isa = XCConfigurationList;
			buildConfigurations = (
				C9F286FA2089DF3B00D3C06E /* Debug */,
				C9F286FB2089DF3B00D3C06E /* Release */,
			);
			defaultConfigurationIsVisible = 0;
			defaultConfigurationName = Release;
		};
		C9F286FC2089DF3B00D3C06E /* Build configuration list for PBXNativeTarget "RuntimeallmseagTests" */ = {
			isa = XCConfigurationList;
			buildConfigurations = (
				C9F286FD2089DF3B00D3C06E /* Debug */,
				C9F286FE2089DF3B00D3C06E /* Release */,
			);
			defaultConfigurationIsVisible = 0;
			defaultConfigurationName = Release;
		};
		C9F286FF2089DF3B00D3C06E /* Build configuration list for PBXNativeTarget "RuntimeallmseagUITests" */ = {
			isa = XCConfigurationList;
			buildConfigurations = (
				C9F287002089DF3B00D3C06E /* Debug */,
				C9F287012089DF3B00D3C06E /* Release */,
			);
			defaultConfigurationIsVisible = 0;
			defaultConfigurationName = Release;
		};
/* End XCConfigurationList section */
	};
	rootObject = C9F286C52089DF3B00D3C06E /* Project object */;
}
